PODS:
  - PathKit (0.9.1)
  - Stencil (0.13.1):
    - PathKit (~> 0.9.0)
  - Yams (1.0.1)

DEPENDENCIES:
  - PathKit (= 0.9.1)
  - Stencil (= 0.13.1)
  - Yams (= 1.0.1)

SPEC REPOS:
  https://github.com/cocoapods/specs.git:
    - PathKit
    - Stencil
    - Yams

SPEC CHECKSUMS:
  PathKit: 7dcba9f0150afb67e0a520c49707a2cbc8e95937
  Stencil: b5128a0a43ece9225db5cbd94d6569fe6fba609b
  Yams: 572f625a8b719b73e0b57fd313c680f3e2161fe9

PODFILE CHECKSUM: 08b078f7ef710e1a950ce4005d0aae04044f272d

COCOAPODS: 1.5.3
