// !$*UTF8*$!
{
	archiveVersion = 1;
	classes = {
	};
	objectVersion = 50;
	objects = {

/* Begin PBXBuildFile section */
		152744B22143440400202557 /* StyleSourceTests.swift in Sources */ = {isa = PBXBuildFile; fileRef = 152744B12143440400202557 /* StyleSourceTests.swift */; };
		152744BD2143443F00202557 /* main.swift in Sources */ = {isa = PBXBuildFile; fileRef = 152744BC2143443F00202557 /* main.swift */; };
		152745072143555600202557 /* ConstantKeys.swift in Sources */ = {isa = PBXBuildFile; fileRef = 152744EF2143555600202557 /* ConstantKeys.swift */; };
		152745082143555600202557 /* Filters.swift in Sources */ = {isa = PBXBuildFile; fileRef = 152744F12143555600202557 /* Filters.swift */; };
		152745092143555600202557 /* StyleParser.swift in Sources */ = {isa = PBXBuildFile; fileRef = 152744F22143555600202557 /* StyleParser.swift */; };
		1527450A2143555600202557 /* ColorParser.swift in Sources */ = {isa = PBXBuildFile; fileRef = 152744F32143555600202557 /* ColorParser.swift */; };
		1527450B2143555600202557 /* FontParser.swift in Sources */ = {isa = PBXBuildFile; fileRef = 152744F42143555600202557 /* FontParser.swift */; };
		1527450C2143555600202557 /* Alias.swift in Sources */ = {isa = PBXBuildFile; fileRef = 152744F62143555600202557 /* Alias.swift */; };
		1527450D2143555600202557 /* LoaderTemplates.swift in Sources */ = {isa = PBXBuildFile; fileRef = 152744F72143555600202557 /* LoaderTemplates.swift */; };
		1527450E2143555600202557 /* StyleModel.swift in Sources */ = {isa = PBXBuildFile; fileRef = 152744F92143555600202557 /* StyleModel.swift */; };
		1527450F2143555600202557 /* ColorModel.swift in Sources */ = {isa = PBXBuildFile; fileRef = 152744FA2143555600202557 /* ColorModel.swift */; };
		152745102143555600202557 /* Template.swift in Sources */ = {isa = PBXBuildFile; fileRef = 152744FB2143555600202557 /* Template.swift */; };
		152745112143555600202557 /* FontModel.swift in Sources */ = {isa = PBXBuildFile; fileRef = 152744FC2143555600202557 /* FontModel.swift */; };
		152745122143555600202557 /* Option.swift in Sources */ = {isa = PBXBuildFile; fileRef = 152744FE2143555600202557 /* Option.swift */; };
		152745132143555600202557 /* Command.swift in Sources */ = {isa = PBXBuildFile; fileRef = 152744FF2143555600202557 /* Command.swift */; };
		152745142143555600202557 /* Logs.swift in Sources */ = {isa = PBXBuildFile; fileRef = 152745012143555600202557 /* Logs.swift */; };
		152745152143555600202557 /* Errors.swift in Sources */ = {isa = PBXBuildFile; fileRef = 152745022143555600202557 /* Errors.swift */; };
		152745162143555600202557 /* StencilTemplate.swift in Sources */ = {isa = PBXBuildFile; fileRef = 152745052143555600202557 /* StencilTemplate.swift */; };
		152745172143555600202557 /* RenderFactory.swift in Sources */ = {isa = PBXBuildFile; fileRef = 152745062143555600202557 /* RenderFactory.swift */; };
		1527451C2143559A00202557 /* Template-Font.stencil in Resources */ = {isa = PBXBuildFile; fileRef = 152745192143559900202557 /* Template-Font.stencil */; };
		1527451D2143559A00202557 /* Template-Color.stencil in Resources */ = {isa = PBXBuildFile; fileRef = 1527451A2143559900202557 /* Template-Color.stencil */; };
		1527451E2143559A00202557 /* Template-Style.stencil in Resources */ = {isa = PBXBuildFile; fileRef = 1527451B2143559900202557 /* Template-Style.stencil */; };
		15D525DC2145C5F70041161C /* FilterBuilder.swift in Sources */ = {isa = PBXBuildFile; fileRef = 15D525DB2145C5F70041161C /* FilterBuilder.swift */; };
		593C29B8451B0FE09B72E3AB /* Pods_StyleSource.framework in Frameworks */ = {isa = PBXBuildFile; fileRef = 6434DCED3248C7BAA5AA12F3 /* Pods_StyleSource.framework */; };
		C43EDFE02A62B18221F7B210 /* Pods_StyleSourceTests.framework in Frameworks */ = {isa = PBXBuildFile; fileRef = 59C659451B3859ABB9AEBC6E /* Pods_StyleSourceTests.framework */; };
/* End PBXBuildFile section */

/* Begin PBXContainerItemProxy section */
		152744AE2143440400202557 /* PBXContainerItemProxy */ = {
			isa = PBXContainerItemProxy;
			containerPortal = 152744952143440300202557 /* Project object */;
			proxyType = 1;
			remoteGlobalIDString = 1527449C2143440300202557;
			remoteInfo = StyleSource;
		};
/* End PBXContainerItemProxy section */

/* Begin PBXFileReference section */
		1527449D2143440300202557 /* StyleSource.app */ = {isa = PBXFileReference; explicitFileType = wrapper.application; includeInIndex = 0; path = StyleSource.app; sourceTree = BUILT_PRODUCTS_DIR; };
		152744A72143440400202557 /* Info.plist */ = {isa = PBXFileReference; lastKnownFileType = text.plist.xml; path = Info.plist; sourceTree = "<group>"; };
		152744AD2143440400202557 /* StyleSourceTests.xctest */ = {isa = PBXFileReference; explicitFileType = wrapper.cfbundle; includeInIndex = 0; path = StyleSourceTests.xctest; sourceTree = BUILT_PRODUCTS_DIR; };
		152744B12143440400202557 /* StyleSourceTests.swift */ = {isa = PBXFileReference; lastKnownFileType = sourcecode.swift; path = StyleSourceTests.swift; sourceTree = "<group>"; };
		152744B32143440400202557 /* Info.plist */ = {isa = PBXFileReference; lastKnownFileType = text.plist.xml; path = Info.plist; sourceTree = "<group>"; };
		152744BC2143443F00202557 /* main.swift */ = {isa = PBXFileReference; lastKnownFileType = sourcecode.swift; path = main.swift; sourceTree = "<group>"; };
		152744EF2143555600202557 /* ConstantKeys.swift */ = {isa = PBXFileReference; fileEncoding = 4; lastKnownFileType = sourcecode.swift; path = ConstantKeys.swift; sourceTree = "<group>"; };
		152744F12143555600202557 /* Filters.swift */ = {isa = PBXFileReference; fileEncoding = 4; lastKnownFileType = sourcecode.swift; path = Filters.swift; sourceTree = "<group>"; };
		152744F22143555600202557 /* StyleParser.swift */ = {isa = PBXFileReference; fileEncoding = 4; lastKnownFileType = sourcecode.swift; path = StyleParser.swift; sourceTree = "<group>"; };
		152744F32143555600202557 /* ColorParser.swift */ = {isa = PBXFileReference; fileEncoding = 4; lastKnownFileType = sourcecode.swift; path = ColorParser.swift; sourceTree = "<group>"; };
		152744F42143555600202557 /* FontParser.swift */ = {isa = PBXFileReference; fileEncoding = 4; lastKnownFileType = sourcecode.swift; path = FontParser.swift; sourceTree = "<group>"; };
		152744F62143555600202557 /* Alias.swift */ = {isa = PBXFileReference; fileEncoding = 4; lastKnownFileType = sourcecode.swift; path = Alias.swift; sourceTree = "<group>"; };
		152744F72143555600202557 /* LoaderTemplates.swift */ = {isa = PBXFileReference; fileEncoding = 4; lastKnownFileType = sourcecode.swift; path = LoaderTemplates.swift; sourceTree = "<group>"; };
		152744F92143555600202557 /* StyleModel.swift */ = {isa = PBXFileReference; fileEncoding = 4; lastKnownFileType = sourcecode.swift; path = StyleModel.swift; sourceTree = "<group>"; };
		152744FA2143555600202557 /* ColorModel.swift */ = {isa = PBXFileReference; fileEncoding = 4; lastKnownFileType = sourcecode.swift; path = ColorModel.swift; sourceTree = "<group>"; };
		152744FB2143555600202557 /* Template.swift */ = {isa = PBXFileReference; fileEncoding = 4; lastKnownFileType = sourcecode.swift; path = Template.swift; sourceTree = "<group>"; };
		152744FC2143555600202557 /* FontModel.swift */ = {isa = PBXFileReference; fileEncoding = 4; lastKnownFileType = sourcecode.swift; path = FontModel.swift; sourceTree = "<group>"; };
		152744FE2143555600202557 /* Option.swift */ = {isa = PBXFileReference; fileEncoding = 4; lastKnownFileType = sourcecode.swift; path = Option.swift; sourceTree = "<group>"; };
		152744FF2143555600202557 /* Command.swift */ = {isa = PBXFileReference; fileEncoding = 4; lastKnownFileType = sourcecode.swift; path = Command.swift; sourceTree = "<group>"; };
		152745012143555600202557 /* Logs.swift */ = {isa = PBXFileReference; fileEncoding = 4; lastKnownFileType = sourcecode.swift; path = Logs.swift; sourceTree = "<group>"; };
		152745022143555600202557 /* Errors.swift */ = {isa = PBXFileReference; fileEncoding = 4; lastKnownFileType = sourcecode.swift; path = Errors.swift; sourceTree = "<group>"; };
		152745052143555600202557 /* StencilTemplate.swift */ = {isa = PBXFileReference; fileEncoding = 4; lastKnownFileType = sourcecode.swift; path = StencilTemplate.swift; sourceTree = "<group>"; };
		152745062143555600202557 /* RenderFactory.swift */ = {isa = PBXFileReference; fileEncoding = 4; lastKnownFileType = sourcecode.swift; path = RenderFactory.swift; sourceTree = "<group>"; };
		152745192143559900202557 /* Template-Font.stencil */ = {isa = PBXFileReference; fileEncoding = 4; lastKnownFileType = text; path = "Template-Font.stencil"; sourceTree = "<group>"; };
		1527451A2143559900202557 /* Template-Color.stencil */ = {isa = PBXFileReference; fileEncoding = 4; lastKnownFileType = text; path = "Template-Color.stencil"; sourceTree = "<group>"; };
		1527451B2143559900202557 /* Template-Style.stencil */ = {isa = PBXFileReference; fileEncoding = 4; lastKnownFileType = text; path = "Template-Style.stencil"; sourceTree = "<group>"; };
		15D525DA21457E6F0041161C /* ThemeStyle.swift */ = {isa = PBXFileReference; lastKnownFileType = sourcecode.swift; name = ThemeStyle.swift; path = ../../../../../Desktop/Generated/ThemeStyle.swift; sourceTree = "<group>"; };
		15D525DB2145C5F70041161C /* FilterBuilder.swift */ = {isa = PBXFileReference; lastKnownFileType = sourcecode.swift; path = FilterBuilder.swift; sourceTree = "<group>"; };
		48E90B42755DCB835E135110 /* Pods-StyleSourceTests.release.xcconfig */ = {isa = PBXFileReference; includeInIndex = 1; lastKnownFileType = text.xcconfig; name = "Pods-StyleSourceTests.release.xcconfig"; path = "Pods/Target Support Files/Pods-StyleSourceTests/Pods-StyleSourceTests.release.xcconfig"; sourceTree = "<group>"; };
		59C659451B3859ABB9AEBC6E /* Pods_StyleSourceTests.framework */ = {isa = PBXFileReference; explicitFileType = wrapper.framework; includeInIndex = 0; path = Pods_StyleSourceTests.framework; sourceTree = BUILT_PRODUCTS_DIR; };
		6434DCED3248C7BAA5AA12F3 /* Pods_StyleSource.framework */ = {isa = PBXFileReference; explicitFileType = wrapper.framework; includeInIndex = 0; path = Pods_StyleSource.framework; sourceTree = BUILT_PRODUCTS_DIR; };
		8E32B1F786C374430CB615C7 /* Pods-StyleSource.debug.xcconfig */ = {isa = PBXFileReference; includeInIndex = 1; lastKnownFileType = text.xcconfig; name = "Pods-StyleSource.debug.xcconfig"; path = "Pods/Target Support Files/Pods-StyleSource/Pods-StyleSource.debug.xcconfig"; sourceTree = "<group>"; };
		98C77DC81E2050BB9AAADE82 /* Pods-StyleSource.release.xcconfig */ = {isa = PBXFileReference; includeInIndex = 1; lastKnownFileType = text.xcconfig; name = "Pods-StyleSource.release.xcconfig"; path = "Pods/Target Support Files/Pods-StyleSource/Pods-StyleSource.release.xcconfig"; sourceTree = "<group>"; };
		EF731EB1256A5B4CFB733242 /* Pods-StyleSourceTests.debug.xcconfig */ = {isa = PBXFileReference; includeInIndex = 1; lastKnownFileType = text.xcconfig; name = "Pods-StyleSourceTests.debug.xcconfig"; path = "Pods/Target Support Files/Pods-StyleSourceTests/Pods-StyleSourceTests.debug.xcconfig"; sourceTree = "<group>"; };
/* End PBXFileReference section */

/* Begin PBXFrameworksBuildPhase section */
		1527449A2143440300202557 /* Frameworks */ = {
			isa = PBXFrameworksBuildPhase;
			buildActionMask = 2147483647;
			files = (
				593C29B8451B0FE09B72E3AB /* Pods_StyleSource.framework in Frameworks */,
			);
			runOnlyForDeploymentPostprocessing = 0;
		};
		152744AA2143440400202557 /* Frameworks */ = {
			isa = PBXFrameworksBuildPhase;
			buildActionMask = 2147483647;
			files = (
				C43EDFE02A62B18221F7B210 /* Pods_StyleSourceTests.framework in Frameworks */,
			);
			runOnlyForDeploymentPostprocessing = 0;
		};
/* End PBXFrameworksBuildPhase section */

/* Begin PBXGroup section */
		152744942143440300202557 = {
			isa = PBXGroup;
			children = (
				1527449F2143440300202557 /* StyleSource */,
				152744B02143440400202557 /* StyleSourceTests */,
				1527449E2143440300202557 /* Products */,
				D09B6837F8521B0175090442 /* Pods */,
				C2AAE536F542AC080362B9BB /* Frameworks */,
			);
			sourceTree = "<group>";
		};
		1527449E2143440300202557 /* Products */ = {
			isa = PBXGroup;
			children = (
				1527449D2143440300202557 /* StyleSource.app */,
				152744AD2143440400202557 /* StyleSourceTests.xctest */,
			);
			name = Products;
			sourceTree = "<group>";
		};
		1527449F2143440300202557 /* StyleSource */ = {
			isa = PBXGroup;
			children = (
				152744BC2143443F00202557 /* main.swift */,
				15D525DA21457E6F0041161C /* ThemeStyle.swift */,
				152744EB2143548800202557 /* Resources */,
				152744EC2143555600202557 /* Core */,
			);
			path = StyleSource;
			sourceTree = "<group>";
		};
		152744B02143440400202557 /* StyleSourceTests */ = {
			isa = PBXGroup;
			children = (
				152744B12143440400202557 /* StyleSourceTests.swift */,
				152744B32143440400202557 /* Info.plist */,
			);
			path = StyleSourceTests;
			sourceTree = "<group>";
		};
		152744EB2143548800202557 /* Resources */ = {
			isa = PBXGroup;
			children = (
				152744A72143440400202557 /* Info.plist */,
				152745182143559900202557 /* Templates */,
			);
			path = Resources;
			sourceTree = "<group>";
		};
		152744EC2143555600202557 /* Core */ = {
			isa = PBXGroup;
			children = (
				152744ED2143555600202557 /* Parses */,
				152744F52143555600202557 /* Load */,
				152744F82143555600202557 /* Model */,
				152744FD2143555600202557 /* Command */,
				152745032143555600202557 /* Factory */,
			);
			path = Core;
			sourceTree = "<group>";
		};
		152744ED2143555600202557 /* Parses */ = {
			isa = PBXGroup;
			children = (
				152744EE2143555600202557 /* Contants */,
				152744F02143555600202557 /* Filters */,
				152744F22143555600202557 /* StyleParser.swift */,
				152744F32143555600202557 /* ColorParser.swift */,
				152744F42143555600202557 /* FontParser.swift */,
			);
			path = Parses;
			sourceTree = "<group>";
		};
		152744EE2143555600202557 /* Contants */ = {
			isa = PBXGroup;
			children = (
				152744EF2143555600202557 /* ConstantKeys.swift */,
			);
			path = Contants;
			sourceTree = "<group>";
		};
		152744F02143555600202557 /* Filters */ = {
			isa = PBXGroup;
			children = (
				152744F12143555600202557 /* Filters.swift */,
				15D525DB2145C5F70041161C /* FilterBuilder.swift */,
			);
			path = Filters;
			sourceTree = "<group>";
		};
		152744F52143555600202557 /* Load */ = {
			isa = PBXGroup;
			children = (
				152744F62143555600202557 /* Alias.swift */,
				152744F72143555600202557 /* LoaderTemplates.swift */,
			);
			path = Load;
			sourceTree = "<group>";
		};
		152744F82143555600202557 /* Model */ = {
			isa = PBXGroup;
			children = (
				152744F92143555600202557 /* StyleModel.swift */,
				152744FA2143555600202557 /* ColorModel.swift */,
				152744FB2143555600202557 /* Template.swift */,
				152744FC2143555600202557 /* FontModel.swift */,
			);
			path = Model;
			sourceTree = "<group>";
		};
		152744FD2143555600202557 /* Command */ = {
			isa = PBXGroup;
			children = (
				152744FE2143555600202557 /* Option.swift */,
				152744FF2143555600202557 /* Command.swift */,
				152745002143555600202557 /* Helper */,
			);
			path = Command;
			sourceTree = "<group>";
		};
		152745002143555600202557 /* Helper */ = {
			isa = PBXGroup;
			children = (
				152745012143555600202557 /* Logs.swift */,
				152745022143555600202557 /* Errors.swift */,
			);
			path = Helper;
			sourceTree = "<group>";
		};
		152745032143555600202557 /* Factory */ = {
			isa = PBXGroup;
			children = (
				152745042143555600202557 /* Template */,
				152745062143555600202557 /* RenderFactory.swift */,
			);
			path = Factory;
			sourceTree = "<group>";
		};
		152745042143555600202557 /* Template */ = {
			isa = PBXGroup;
			children = (
				152745052143555600202557 /* StencilTemplate.swift */,
			);
			path = Template;
			sourceTree = "<group>";
		};
		152745182143559900202557 /* Templates */ = {
			isa = PBXGroup;
			children = (
				152745192143559900202557 /* Template-Font.stencil */,
				1527451A2143559900202557 /* Template-Color.stencil */,
				1527451B2143559900202557 /* Template-Style.stencil */,
			);
			path = Templates;
			sourceTree = "<group>";
		};
		C2AAE536F542AC080362B9BB /* Frameworks */ = {
			isa = PBXGroup;
			children = (
				6434DCED3248C7BAA5AA12F3 /* Pods_StyleSource.framework */,
				59C659451B3859ABB9AEBC6E /* Pods_StyleSourceTests.framework */,
			);
			name = Frameworks;
			sourceTree = "<group>";
		};
		D09B6837F8521B0175090442 /* Pods */ = {
			isa = PBXGroup;
			children = (
				8E32B1F786C374430CB615C7 /* Pods-StyleSource.debug.xcconfig */,
				98C77DC81E2050BB9AAADE82 /* Pods-StyleSource.release.xcconfig */,
				EF731EB1256A5B4CFB733242 /* Pods-StyleSourceTests.debug.xcconfig */,
				48E90B42755DCB835E135110 /* Pods-StyleSourceTests.release.xcconfig */,
			);
			name = Pods;
			sourceTree = "<group>";
		};
/* End PBXGroup section */

/* Begin PBXNativeTarget section */
		1527449C2143440300202557 /* StyleSource */ = {
			isa = PBXNativeTarget;
			buildConfigurationList = 152744B62143440400202557 /* Build configuration list for PBXNativeTarget "StyleSource" */;
			buildPhases = (
				B98744ED3158A6B81FA38E50 /* [CP] Check Pods Manifest.lock */,
				152744992143440300202557 /* Sources */,
				1527449A2143440300202557 /* Frameworks */,
				1527449B2143440300202557 /* Resources */,
				E8F078BDCFCCBDF011FB59E8 /* [CP] Embed Pods Frameworks */,
				49F2B0D59FB58381407E5D06 /* [CP] Copy Pods Resources */,
				1527451F21435A0E00202557 /* Lint */,
			);
			buildRules = (
			);
			dependencies = (
			);
			name = StyleSource;
			productName = StyleSource;
			productReference = 1527449D2143440300202557 /* StyleSource.app */;
			productType = "com.apple.product-type.application";
		};
		152744AC2143440400202557 /* StyleSourceTests */ = {
			isa = PBXNativeTarget;
			buildConfigurationList = 152744B92143440400202557 /* Build configuration list for PBXNativeTarget "StyleSourceTests" */;
			buildPhases = (
				2F0A134F835684F4481E0813 /* [CP] Check Pods Manifest.lock */,
				152744A92143440400202557 /* Sources */,
				152744AA2143440400202557 /* Frameworks */,
				152744AB2143440400202557 /* Resources */,
				AAF41F2DEDBBEDFD23B7142F /* [CP] Embed Pods Frameworks */,
				F1076259F0E916DDABBE58F1 /* [CP] Copy Pods Resources */,
			);
			buildRules = (
			);
			dependencies = (
				152744AF2143440400202557 /* PBXTargetDependency */,
			);
			name = StyleSourceTests;
			productName = StyleSourceTests;
			productReference = 152744AD2143440400202557 /* StyleSourceTests.xctest */;
			productType = "com.apple.product-type.bundle.unit-test";
		};
/* End PBXNativeTarget section */

/* Begin PBXProject section */
		152744952143440300202557 /* Project object */ = {
			isa = PBXProject;
			attributes = {
				LastSwiftUpdateCheck = 0940;
				LastUpgradeCheck = 0940;
				ORGANIZATIONNAME = bfs;
				TargetAttributes = {
					1527449C2143440300202557 = {
						CreatedOnToolsVersion = 9.4.1;
						LastSwiftMigration = 0940;
					};
					152744AC2143440400202557 = {
						CreatedOnToolsVersion = 9.4.1;
						TestTargetID = 1527449C2143440300202557;
					};
				};
			};
			buildConfigurationList = 152744982143440300202557 /* Build configuration list for PBXProject "StyleSource" */;
			compatibilityVersion = "Xcode 9.3";
			developmentRegion = en;
			hasScannedForEncodings = 0;
			knownRegions = (
				en,
				Base,
			);
			mainGroup = 152744942143440300202557;
			productRefGroup = 1527449E2143440300202557 /* Products */;
			projectDirPath = "";
			projectRoot = "";
			targets = (
				1527449C2143440300202557 /* StyleSource */,
				152744AC2143440400202557 /* StyleSourceTests */,
			);
		};
/* End PBXProject section */

/* Begin PBXResourcesBuildPhase section */
		1527449B2143440300202557 /* Resources */ = {
			isa = PBXResourcesBuildPhase;
			buildActionMask = 2147483647;
			files = (
				1527451E2143559A00202557 /* Template-Style.stencil in Resources */,
				1527451D2143559A00202557 /* Template-Color.stencil in Resources */,
				1527451C2143559A00202557 /* Template-Font.stencil in Resources */,
			);
			runOnlyForDeploymentPostprocessing = 0;
		};
		152744AB2143440400202557 /* Resources */ = {
			isa = PBXResourcesBuildPhase;
			buildActionMask = 2147483647;
			files = (
			);
			runOnlyForDeploymentPostprocessing = 0;
		};
/* End PBXResourcesBuildPhase section */

/* Begin PBXShellScriptBuildPhase section */
		1527451F21435A0E00202557 /* Lint */ = {
			isa = PBXShellScriptBuildPhase;
			buildActionMask = 2147483647;
			files = (
			);
			inputPaths = (
			);
			name = Lint;
			outputPaths = (
			);
			runOnlyForDeploymentPostprocessing = 0;
			shellPath = /bin/sh;
			shellScript = "if which swiftlint >/dev/null; then\n    swiftlint\nelse\n    echo \"warning: SwiftLint not installed, download from https://github.com/realm/SwiftLint\"\nfi";
		};
		2F0A134F835684F4481E0813 /* [CP] Check Pods Manifest.lock */ = {
			isa = PBXShellScriptBuildPhase;
			buildActionMask = 2147483647;
			files = (
			);
			inputPaths = (
				"${PODS_PODFILE_DIR_PATH}/Podfile.lock",
				"${PODS_ROOT}/Manifest.lock",
			);
			name = "[CP] Check Pods Manifest.lock";
			outputPaths = (
				"$(DERIVED_FILE_DIR)/Pods-StyleSourceTests-checkManifestLockResult.txt",
			);
			runOnlyForDeploymentPostprocessing = 0;
			shellPath = /bin/sh;
			shellScript = "diff \"${PODS_PODFILE_DIR_PATH}/Podfile.lock\" \"${PODS_ROOT}/Manifest.lock\" > /dev/null\nif [ $? != 0 ] ; then\n    # print error to STDERR\n    echo \"error: The sandbox is not in sync with the Podfile.lock. Run 'pod install' or update your CocoaPods installation.\" >&2\n    exit 1\nfi\n# This output is used by Xcode 'outputs' to avoid re-running this script phase.\necho \"SUCCESS\" > \"${SCRIPT_OUTPUT_FILE_0}\"\n";
			showEnvVarsInLog = 0;
		};
		49F2B0D59FB58381407E5D06 /* [CP] Copy Pods Resources */ = {
			isa = PBXShellScriptBuildPhase;
			buildActionMask = 2147483647;
			files = (
			);
			inputPaths = (
			);
			name = "[CP] Copy Pods Resources";
			outputPaths = (
			);
			runOnlyForDeploymentPostprocessing = 0;
			shellPath = /bin/sh;
			shellScript = "\"${SRCROOT}/Pods/Target Support Files/Pods-StyleSource/Pods-StyleSource-resources.sh\"\n";
			showEnvVarsInLog = 0;
		};
		AAF41F2DEDBBEDFD23B7142F /* [CP] Embed Pods Frameworks */ = {
			isa = PBXShellScriptBuildPhase;
			buildActionMask = 2147483647;
			files = (
			);
			inputPaths = (
			);
			name = "[CP] Embed Pods Frameworks";
			outputPaths = (
			);
			runOnlyForDeploymentPostprocessing = 0;
			shellPath = /bin/sh;
			shellScript = "\"${SRCROOT}/Pods/Target Support Files/Pods-StyleSourceTests/Pods-StyleSourceTests-frameworks.sh\"\n";
			showEnvVarsInLog = 0;
		};
		B98744ED3158A6B81FA38E50 /* [CP] Check Pods Manifest.lock */ = {
			isa = PBXShellScriptBuildPhase;
			buildActionMask = 2147483647;
			files = (
			);
			inputPaths = (
				"${PODS_PODFILE_DIR_PATH}/Podfile.lock",
				"${PODS_ROOT}/Manifest.lock",
			);
			name = "[CP] Check Pods Manifest.lock";
			outputPaths = (
				"$(DERIVED_FILE_DIR)/Pods-StyleSource-checkManifestLockResult.txt",
			);
			runOnlyForDeploymentPostprocessing = 0;
			shellPath = /bin/sh;
			shellScript = "diff \"${PODS_PODFILE_DIR_PATH}/Podfile.lock\" \"${PODS_ROOT}/Manifest.lock\" > /dev/null\nif [ $? != 0 ] ; then\n    # print error to STDERR\n    echo \"error: The sandbox is not in sync with the Podfile.lock. Run 'pod install' or update your CocoaPods installation.\" >&2\n    exit 1\nfi\n# This output is used by Xcode 'outputs' to avoid re-running this script phase.\necho \"SUCCESS\" > \"${SCRIPT_OUTPUT_FILE_0}\"\n";
			showEnvVarsInLog = 0;
		};
		E8F078BDCFCCBDF011FB59E8 /* [CP] Embed Pods Frameworks */ = {
			isa = PBXShellScriptBuildPhase;
			buildActionMask = 2147483647;
			files = (
			);
			inputPaths = (
				"${SRCROOT}/Pods/Target Support Files/Pods-StyleSource/Pods-StyleSource-frameworks.sh",
				"${BUILT_PRODUCTS_DIR}/PathKit/PathKit.framework",
				"${BUILT_PRODUCTS_DIR}/Stencil/Stencil.framework",
				"${BUILT_PRODUCTS_DIR}/Yams/Yams.framework",
			);
			name = "[CP] Embed Pods Frameworks";
			outputPaths = (
				"${TARGET_BUILD_DIR}/${FRAMEWORKS_FOLDER_PATH}/PathKit.framework",
				"${TARGET_BUILD_DIR}/${FRAMEWORKS_FOLDER_PATH}/Stencil.framework",
				"${TARGET_BUILD_DIR}/${FRAMEWORKS_FOLDER_PATH}/Yams.framework",
			);
			runOnlyForDeploymentPostprocessing = 0;
			shellPath = /bin/sh;
			shellScript = "\"${SRCROOT}/Pods/Target Support Files/Pods-StyleSource/Pods-StyleSource-frameworks.sh\"\n";
			showEnvVarsInLog = 0;
		};
		F1076259F0E916DDABBE58F1 /* [CP] Copy Pods Resources */ = {
			isa = PBXShellScriptBuildPhase;
			buildActionMask = 2147483647;
			files = (
			);
			inputPaths = (
			);
			name = "[CP] Copy Pods Resources";
			outputPaths = (
			);
			runOnlyForDeploymentPostprocessing = 0;
			shellPath = /bin/sh;
			shellScript = "\"${SRCROOT}/Pods/Target Support Files/Pods-StyleSourceTests/Pods-StyleSourceTests-resources.sh\"\n";
			showEnvVarsInLog = 0;
		};
/* End PBXShellScriptBuildPhase section */

/* Begin PBXSourcesBuildPhase section */
		152744992143440300202557 /* Sources */ = {
			isa = PBXSourcesBuildPhase;
			buildActionMask = 2147483647;
			files = (
				152745082143555600202557 /* Filters.swift in Sources */,
				152745142143555600202557 /* Logs.swift in Sources */,
				152744BD2143443F00202557 /* main.swift in Sources */,
				152745162143555600202557 /* StencilTemplate.swift in Sources */,
				152745112143555600202557 /* FontModel.swift in Sources */,
				152745152143555600202557 /* Errors.swift in Sources */,
				152745092143555600202557 /* StyleParser.swift in Sources */,
				152745072143555600202557 /* ConstantKeys.swift in Sources */,
				152745172143555600202557 /* RenderFactory.swift in Sources */,
				1527450A2143555600202557 /* ColorParser.swift in Sources */,
				1527450E2143555600202557 /* StyleModel.swift in Sources */,
				152745122143555600202557 /* Option.swift in Sources */,
				1527450B2143555600202557 /* FontParser.swift in Sources */,
				152745102143555600202557 /* Template.swift in Sources */,
				1527450D2143555600202557 /* LoaderTemplates.swift in Sources */,
				152745132143555600202557 /* Command.swift in Sources */,
				1527450C2143555600202557 /* Alias.swift in Sources */,
				15D525DC2145C5F70041161C /* FilterBuilder.swift in Sources */,
				1527450F2143555600202557 /* ColorModel.swift in Sources */,
			);
			runOnlyForDeploymentPostprocessing = 0;
		};
		152744A92143440400202557 /* Sources */ = {
			isa = PBXSourcesBuildPhase;
			buildActionMask = 2147483647;
			files = (
				152744B22143440400202557 /* StyleSourceTests.swift in Sources */,
			);
			runOnlyForDeploymentPostprocessing = 0;
		};
/* End PBXSourcesBuildPhase section */

/* Begin PBXTargetDependency section */
		152744AF2143440400202557 /* PBXTargetDependency */ = {
			isa = PBXTargetDependency;
			target = 1527449C2143440300202557 /* StyleSource */;
			targetProxy = 152744AE2143440400202557 /* PBXContainerItemProxy */;
		};
/* End PBXTargetDependency section */

/* Begin XCBuildConfiguration section */
		152744B42143440400202557 /* Debug */ = {
			isa = XCBuildConfiguration;
			buildSettings = {
				ALWAYS_SEARCH_USER_PATHS = NO;
				CLANG_ANALYZER_NONNULL = YES;
				CLANG_ANALYZER_NUMBER_OBJECT_CONVERSION = YES_AGGRESSIVE;
				CLANG_CXX_LANGUAGE_STANDARD = "gnu++14";
				CLANG_CXX_LIBRARY = "libc++";
				CLANG_ENABLE_MODULES = YES;
				CLANG_ENABLE_OBJC_ARC = YES;
				CLANG_ENABLE_OBJC_WEAK = YES;
				CLANG_WARN_BLOCK_CAPTURE_AUTORELEASING = YES;
				CLANG_WARN_BOOL_CONVERSION = YES;
				CLANG_WARN_COMMA = YES;
				CLANG_WARN_CONSTANT_CONVERSION = YES;
				CLANG_WARN_DEPRECATED_OBJC_IMPLEMENTATIONS = YES;
				CLANG_WARN_DIRECT_OBJC_ISA_USAGE = YES_ERROR;
				CLANG_WARN_DOCUMENTATION_COMMENTS = YES;
				CLANG_WARN_EMPTY_BODY = YES;
				CLANG_WARN_ENUM_CONVERSION = YES;
				CLANG_WARN_INFINITE_RECURSION = YES;
				CLANG_WARN_INT_CONVERSION = YES;
				CLANG_WARN_NON_LITERAL_NULL_CONVERSION = YES;
				CLANG_WARN_OBJC_IMPLICIT_RETAIN_SELF = YES;
				CLANG_WARN_OBJC_LITERAL_CONVERSION = YES;
				CLANG_WARN_OBJC_ROOT_CLASS = YES_ERROR;
				CLANG_WARN_RANGE_LOOP_ANALYSIS = YES;
				CLANG_WARN_STRICT_PROTOTYPES = YES;
				CLANG_WARN_SUSPICIOUS_MOVE = YES;
				CLANG_WARN_UNGUARDED_AVAILABILITY = YES_AGGRESSIVE;
				CLANG_WARN_UNREACHABLE_CODE = YES;
				CLANG_WARN__DUPLICATE_METHOD_MATCH = YES;
				CODE_SIGN_IDENTITY = "Mac Developer";
				COPY_PHASE_STRIP = NO;
				DEBUG_INFORMATION_FORMAT = dwarf;
				ENABLE_STRICT_OBJC_MSGSEND = YES;
				ENABLE_TESTABILITY = YES;
				GCC_C_LANGUAGE_STANDARD = gnu11;
				GCC_DYNAMIC_NO_PIC = NO;
				GCC_NO_COMMON_BLOCKS = YES;
				GCC_OPTIMIZATION_LEVEL = 0;
				GCC_PREPROCESSOR_DEFINITIONS = (
					"DEBUG=1",
					"$(inherited)",
				);
				GCC_WARN_64_TO_32_BIT_CONVERSION = YES;
				GCC_WARN_ABOUT_RETURN_TYPE = YES_ERROR;
				GCC_WARN_UNDECLARED_SELECTOR = YES;
				GCC_WARN_UNINITIALIZED_AUTOS = YES_AGGRESSIVE;
				GCC_WARN_UNUSED_FUNCTION = YES;
				GCC_WARN_UNUSED_VARIABLE = YES;
				MACOSX_DEPLOYMENT_TARGET = 10.13;
				MTL_ENABLE_DEBUG_INFO = YES;
				ONLY_ACTIVE_ARCH = YES;
				SDKROOT = macosx;
				SWIFT_ACTIVE_COMPILATION_CONDITIONS = DEBUG;
				SWIFT_OPTIMIZATION_LEVEL = "-Onone";
			};
			name = Debug;
		};
		152744B52143440400202557 /* Release */ = {
			isa = XCBuildConfiguration;
			buildSettings = {
				ALWAYS_SEARCH_USER_PATHS = NO;
				CLANG_ANALYZER_NONNULL = YES;
				CLANG_ANALYZER_NUMBER_OBJECT_CONVERSION = YES_AGGRESSIVE;
				CLANG_CXX_LANGUAGE_STANDARD = "gnu++14";
				CLANG_CXX_LIBRARY = "libc++";
				CLANG_ENABLE_MODULES = YES;
				CLANG_ENABLE_OBJC_ARC = YES;
				CLANG_ENABLE_OBJC_WEAK = YES;
				CLANG_WARN_BLOCK_CAPTURE_AUTORELEASING = YES;
				CLANG_WARN_BOOL_CONVERSION = YES;
				CLANG_WARN_COMMA = YES;
				CLANG_WARN_CONSTANT_CONVERSION = YES;
				CLANG_WARN_DEPRECATED_OBJC_IMPLEMENTATIONS = YES;
				CLANG_WARN_DIRECT_OBJC_ISA_USAGE = YES_ERROR;
				CLANG_WARN_DOCUMENTATION_COMMENTS = YES;
				CLANG_WARN_EMPTY_BODY = YES;
				CLANG_WARN_ENUM_CONVERSION = YES;
				CLANG_WARN_INFINITE_RECURSION = YES;
				CLANG_WARN_INT_CONVERSION = YES;
				CLANG_WARN_NON_LITERAL_NULL_CONVERSION = YES;
				CLANG_WARN_OBJC_IMPLICIT_RETAIN_SELF = YES;
				CLANG_WARN_OBJC_LITERAL_CONVERSION = YES;
				CLANG_WARN_OBJC_ROOT_CLASS = YES_ERROR;
				CLANG_WARN_RANGE_LOOP_ANALYSIS = YES;
				CLANG_WARN_STRICT_PROTOTYPES = YES;
				CLANG_WARN_SUSPICIOUS_MOVE = YES;
				CLANG_WARN_UNGUARDED_AVAILABILITY = YES_AGGRESSIVE;
				CLANG_WARN_UNREACHABLE_CODE = YES;
				CLANG_WARN__DUPLICATE_METHOD_MATCH = YES;
				CODE_SIGN_IDENTITY = "Mac Developer";
				COPY_PHASE_STRIP = NO;
				DEBUG_INFORMATION_FORMAT = "dwarf-with-dsym";
				ENABLE_NS_ASSERTIONS = NO;
				ENABLE_STRICT_OBJC_MSGSEND = YES;
				GCC_C_LANGUAGE_STANDARD = gnu11;
				GCC_NO_COMMON_BLOCKS = YES;
				GCC_WARN_64_TO_32_BIT_CONVERSION = YES;
				GCC_WARN_ABOUT_RETURN_TYPE = YES_ERROR;
				GCC_WARN_UNDECLARED_SELECTOR = YES;
				GCC_WARN_UNINITIALIZED_AUTOS = YES_AGGRESSIVE;
				GCC_WARN_UNUSED_FUNCTION = YES;
				GCC_WARN_UNUSED_VARIABLE = YES;
				MACOSX_DEPLOYMENT_TARGET = 10.13;
				MTL_ENABLE_DEBUG_INFO = NO;
				SDKROOT = macosx;
				SWIFT_COMPILATION_MODE = wholemodule;
				SWIFT_OPTIMIZATION_LEVEL = "-O";
			};
			name = Release;
		};
		152744B72143440400202557 /* Debug */ = {
			isa = XCBuildConfiguration;
			baseConfigurationReference = 8E32B1F786C374430CB615C7 /* Pods-StyleSource.debug.xcconfig */;
			buildSettings = {
				CLANG_ENABLE_MODULES = YES;
				CODE_SIGN_ENTITLEMENTS = "";
				CODE_SIGN_STYLE = Automatic;
				COMBINE_HIDPI_IMAGES = YES;
				DEVELOPMENT_TEAM = K4RBK36U2H;
				INFOPLIST_FILE = "$(SRCROOT)/StyleSource/Resources/Info.plist";
				LD_RUNPATH_SEARCH_PATHS = (
					"$(inherited)",
					"@executable_path/../Frameworks",
				);
				PRODUCT_BUNDLE_IDENTIFIER = me.brunofernandes.StyleSource;
				PRODUCT_NAME = "$(TARGET_NAME)";
				SWIFT_OPTIMIZATION_LEVEL = "-Onone";
				SWIFT_VERSION = 4.0;
			};
			name = Debug;
		};
		152744B82143440400202557 /* Release */ = {
			isa = XCBuildConfiguration;
			baseConfigurationReference = 98C77DC81E2050BB9AAADE82 /* Pods-StyleSource.release.xcconfig */;
			buildSettings = {
				CLANG_ENABLE_MODULES = YES;
				CODE_SIGN_ENTITLEMENTS = "";
				CODE_SIGN_STYLE = Automatic;
				COMBINE_HIDPI_IMAGES = YES;
				DEVELOPMENT_TEAM = K4RBK36U2H;
				INFOPLIST_FILE = "$(SRCROOT)/StyleSource/Resources/Info.plist";
				LD_RUNPATH_SEARCH_PATHS = (
					"$(inherited)",
					"@executable_path/../Frameworks",
				);
				PRODUCT_BUNDLE_IDENTIFIER = me.brunofernandes.StyleSource;
				PRODUCT_NAME = "$(TARGET_NAME)";
				SWIFT_VERSION = 4.0;
			};
			name = Release;
		};
		152744BA2143440400202557 /* Debug */ = {
			isa = XCBuildConfiguration;
			baseConfigurationReference = EF731EB1256A5B4CFB733242 /* Pods-StyleSourceTests.debug.xcconfig */;
			buildSettings = {
				ALWAYS_EMBED_SWIFT_STANDARD_LIBRARIES = YES;
				BUNDLE_LOADER = "$(TEST_HOST)";
				CODE_SIGN_STYLE = Automatic;
				COMBINE_HIDPI_IMAGES = YES;
				DEVELOPMENT_TEAM = K4RBK36U2H;
				INFOPLIST_FILE = StyleSourceTests/Info.plist;
				LD_RUNPATH_SEARCH_PATHS = (
					"$(inherited)",
					"@executable_path/../Frameworks",
					"@loader_path/../Frameworks",
				);
				PRODUCT_BUNDLE_IDENTIFIER = me.brunofernandes.StyleSourceTests;
				PRODUCT_NAME = "$(TARGET_NAME)";
				SWIFT_VERSION = 4.0;
				TEST_HOST = "$(BUILT_PRODUCTS_DIR)/StyleSource.app/Contents/MacOS/StyleSource";
			};
			name = Debug;
		};
		152744BB2143440400202557 /* Release */ = {
			isa = XCBuildConfiguration;
			baseConfigurationReference = 48E90B42755DCB835E135110 /* Pods-StyleSourceTests.release.xcconfig */;
			buildSettings = {
				ALWAYS_EMBED_SWIFT_STANDARD_LIBRARIES = YES;
				BUNDLE_LOADER = "$(TEST_HOST)";
				CODE_SIGN_STYLE = Automatic;
				COMBINE_HIDPI_IMAGES = YES;
				DEVELOPMENT_TEAM = K4RBK36U2H;
				INFOPLIST_FILE = StyleSourceTests/Info.plist;
				LD_RUNPATH_SEARCH_PATHS = (
					"$(inherited)",
					"@executable_path/../Frameworks",
					"@loader_path/../Frameworks",
				);
				PRODUCT_BUNDLE_IDENTIFIER = me.brunofernandes.StyleSourceTests;
				PRODUCT_NAME = "$(TARGET_NAME)";
				SWIFT_VERSION = 4.0;
				TEST_HOST = "$(BUILT_PRODUCTS_DIR)/StyleSource.app/Contents/MacOS/StyleSource";
			};
			name = Release;
		};
/* End XCBuildConfiguration section */

/* Begin XCConfigurationList section */
		152744982143440300202557 /* Build configuration list for PBXProject "StyleSource" */ = {
			isa = XCConfigurationList;
			buildConfigurations = (
				152744B42143440400202557 /* Debug */,
				152744B52143440400202557 /* Release */,
			);
			defaultConfigurationIsVisible = 0;
			defaultConfigurationName = Release;
		};
		152744B62143440400202557 /* Build configuration list for PBXNativeTarget "StyleSource" */ = {
			isa = XCConfigurationList;
			buildConfigurations = (
				152744B72143440400202557 /* Debug */,
				152744B82143440400202557 /* Release */,
			);
			defaultConfigurationIsVisible = 0;
			defaultConfigurationName = Release;
		};
		152744B92143440400202557 /* Build configuration list for PBXNativeTarget "StyleSourceTests" */ = {
			isa = XCConfigurationList;
			buildConfigurations = (
				152744BA2143440400202557 /* Debug */,
				152744BB2143440400202557 /* Release */,
			);
			defaultConfigurationIsVisible = 0;
			defaultConfigurationName = Release;
		};
/* End XCConfigurationList section */
	};
	rootObject = 152744952143440300202557 /* Project object */;
}
